
Microsoft Visual Studio Solution File, Format Version 12.00
# Visual Studio 15
VisualStudioVersion = 15.0.27703.2026
MinimumVisualStudioVersion = 10.0.40219.1
Project("{FAE04EC0-301F-11D3-BF4B-00C04F79EFBC}") = "ASP.Net", "Vidly\ASP.Net.csproj", "{30574388-11D2-454E-BC22-6C3A1F424260}"
EndProject
Global
	GlobalSection(SolutionConfigurationPlatforms) = preSolution
		Debug|Any CPU = Debug|Any CPU
		Release|Any CPU = Release|Any CPU
	EndGlobalSection
	GlobalSection(ProjectConfigurationPlatforms) = postSolution
		{30574388-11D2-454E-BC22-6C3A1F424260}.Debug|Any CPU.ActiveCfg = Debug|Any CPU
		{30574388-11D2-454E-BC22-6C3A1F424260}.Debug|Any CPU.Build.0 = Debug|Any CPU
		{30574388-11D2-454E-BC22-6C3A1F424260}.Release|Any CPU.ActiveCfg = Release|Any CPU
		{30574388-11D2-454E-BC22-6C3A1F424260}.Release|Any CPU.Build.0 = Release|Any CPU
	EndGlobalSection
	GlobalSection(SolutionProperties) = preSolution
		HideSolutionNode = FALSE
	EndGlobalSection
	GlobalSection(ExtensibilityGlobals) = postSolution
		SolutionGuid = {9CC26F7B-3E07-440B-862C-F36AA23D1B86}
	EndGlobalSection
EndGlobal
