
Microsoft Visual Studio Solution File, Format Version 12.00
# Visual Studio 15
VisualStudioVersion = 15.0.27703.2026
MinimumVisualStudioVersion = 10.0.40219.1
Project("{FAE04EC0-301F-11D3-BF4B-00C04F79EFBC}") = "Hacker-Rank-Challenge", "Hacker-Rank-Challenge.csproj", "{420DDD4E-340F-425C-B551-ADFB7551C922}"
EndProject
Global
	GlobalSection(SolutionConfigurationPlatforms) = preSolution
		Debug|Any CPU = Debug|Any CPU
		Release|Any CPU = Release|Any CPU
	EndGlobalSection
	GlobalSection(ProjectConfigurationPlatforms) = postSolution
		{420DDD4E-340F-425C-B551-ADFB7551C922}.Debug|Any CPU.ActiveCfg = Debug|Any CPU
		{420DDD4E-340F-425C-B551-ADFB7551C922}.Debug|Any CPU.Build.0 = Debug|Any CPU
		{420DDD4E-340F-425C-B551-ADFB7551C922}.Release|Any CPU.ActiveCfg = Release|Any CPU
		{420DDD4E-340F-425C-B551-ADFB7551C922}.Release|Any CPU.Build.0 = Release|Any CPU
	EndGlobalSection
	GlobalSection(SolutionProperties) = preSolution
		HideSolutionNode = FALSE
	EndGlobalSection
	GlobalSection(ExtensibilityGlobals) = postSolution
		SolutionGuid = {E6CFD4E5-AE7F-4A6E-AB47-332C0C3E0174}
	EndGlobalSection
EndGlobal
