
Microsoft Visual Studio Solution File, Format Version 12.00
# Visual Studio 15
VisualStudioVersion = 15.0.27703.2026
MinimumVisualStudioVersion = 10.0.40219.1
Project("{FAE04EC0-301F-11D3-BF4B-00C04F79EFBC}") = "Web-Browser", "Web-Browser.csproj", "{4A9FBE18-623F-4936-BA24-545417C63FB4}"
EndProject
Global
	GlobalSection(SolutionConfigurationPlatforms) = preSolution
		Debug|Any CPU = Debug|Any CPU
		Release|Any CPU = Release|Any CPU
	EndGlobalSection
	GlobalSection(ProjectConfigurationPlatforms) = postSolution
		{4A9FBE18-623F-4936-BA24-545417C63FB4}.Debug|Any CPU.ActiveCfg = Debug|Any CPU
		{4A9FBE18-623F-4936-BA24-545417C63FB4}.Debug|Any CPU.Build.0 = Debug|Any CPU
		{4A9FBE18-623F-4936-BA24-545417C63FB4}.Release|Any CPU.ActiveCfg = Release|Any CPU
		{4A9FBE18-623F-4936-BA24-545417C63FB4}.Release|Any CPU.Build.0 = Release|Any CPU
	EndGlobalSection
	GlobalSection(SolutionProperties) = preSolution
		HideSolutionNode = FALSE
	EndGlobalSection
	GlobalSection(ExtensibilityGlobals) = postSolution
		SolutionGuid = {F9057D6B-0D4B-499D-BD53-4DF2A4A7841F}
	EndGlobalSection
EndGlobal
